Microsoft Visual Studio Solution File, Format Version 12.00
# Visual Studio 2012
Project("{FAE04EC0-301F-11D3-BF4B-00C04F79EFBC}") = "Senior Project", "Senior Project.csproj", "{D29F54CF-8393-4F21-9AE3-25E6A6477BCC}"
EndProject
Global
	GlobalSection(SolutionConfigurationPlatforms) = preSolution
	Debug|Any CPU = Debug|Any CPU
	ExportDebug|Any CPU = ExportDebug|Any CPU
	ExportRelease|Any CPU = ExportRelease|Any CPU
	EndGlobalSection
	GlobalSection(ProjectConfigurationPlatforms) = postSolution
		{D29F54CF-8393-4F21-9AE3-25E6A6477BCC}.Debug|Any CPU.ActiveCfg = Debug|Any CPU
		{D29F54CF-8393-4F21-9AE3-25E6A6477BCC}.Debug|Any CPU.Build.0 = Debug|Any CPU
		{D29F54CF-8393-4F21-9AE3-25E6A6477BCC}.ExportDebug|Any CPU.ActiveCfg = ExportDebug|Any CPU
		{D29F54CF-8393-4F21-9AE3-25E6A6477BCC}.ExportDebug|Any CPU.Build.0 = ExportDebug|Any CPU
		{D29F54CF-8393-4F21-9AE3-25E6A6477BCC}.ExportRelease|Any CPU.ActiveCfg = ExportRelease|Any CPU
		{D29F54CF-8393-4F21-9AE3-25E6A6477BCC}.ExportRelease|Any CPU.Build.0 = ExportRelease|Any CPU
	EndGlobalSection
EndGlobal
